
Microsoft Visual Studio Solution File, Format Version 12.00
# Visual Studio Version 16
VisualStudioVersion = 16.0.31410.357
MinimumVisualStudioVersion = 10.0.40219.1
Project("{FAE04EC0-301F-11D3-BF4B-00C04F79EFBC}") = "TAEssentials.NUnitPlaywright", "TAEssentials.NUnitPlaywright\TAEssentials.NUnitPlaywright.csproj", "{B56FE11E-E77A-48FA-9E7C-04B5EA4C141D}"
EndProject
Global
	GlobalSection(SolutionConfigurationPlatforms) = preSolution
		Debug|Any CPU = Debug|Any CPU
		Release|Any CPU = Release|Any CPU
	EndGlobalSection
	GlobalSection(ProjectConfigurationPlatforms) = postSolution
		{B56FE11E-E77A-48FA-9E7C-04B5EA4C141D}.Debug|Any CPU.ActiveCfg = Debug|Any CPU
		{B56FE11E-E77A-48FA-9E7C-04B5EA4C141D}.Debug|Any CPU.Build.0 = Debug|Any CPU
		{B56FE11E-E77A-48FA-9E7C-04B5EA4C141D}.Release|Any CPU.ActiveCfg = Release|Any CPU
		{B56FE11E-E77A-48FA-9E7C-04B5EA4C141D}.Release|Any CPU.Build.0 = Release|Any CPU
	EndGlobalSection
	GlobalSection(SolutionProperties) = preSolution
		HideSolutionNode = FALSE
	EndGlobalSection
	GlobalSection(ExtensibilityGlobals) = postSolution
		SolutionGuid = {C12EDDB2-0EDF-469C-9397-4E187EFAC835}
	EndGlobalSection
EndGlobal
